
Microsoft Visual Studio Solution File, Format Version 12.00
# Visual Studio Version 16
VisualStudioVersion = 16.0.30309.148
MinimumVisualStudioVersion = 10.0.40219.1
Project("{9A19103F-16F7-4668-BE54-9A1E7A4F7556}") = "SuperSocketPro", "SuperSocketPro\SuperSocketPro.csproj", "{9BCBC2AF-F2CD-4506-ADA8-97FB1436CD80}"
EndProject
Project("{9A19103F-16F7-4668-BE54-9A1E7A4F7556}") = "TcpIpClient", "TcpClient\TcpIpClient.csproj", "{16CAD708-2875-4AA1-9552-47961474DECA}"
EndProject
Global
	GlobalSection(SolutionConfigurationPlatforms) = preSolution
		Debug|Any CPU = Debug|Any CPU
		Release|Any CPU = Release|Any CPU
	EndGlobalSection
	GlobalSection(ProjectConfigurationPlatforms) = postSolution
		{9BCBC2AF-F2CD-4506-ADA8-97FB1436CD80}.Debug|Any CPU.ActiveCfg = Debug|Any CPU
		{9BCBC2AF-F2CD-4506-ADA8-97FB1436CD80}.Debug|Any CPU.Build.0 = Debug|Any CPU
		{9BCBC2AF-F2CD-4506-ADA8-97FB1436CD80}.Release|Any CPU.ActiveCfg = Release|Any CPU
		{9BCBC2AF-F2CD-4506-ADA8-97FB1436CD80}.Release|Any CPU.Build.0 = Release|Any CPU
		{16CAD708-2875-4AA1-9552-47961474DECA}.Debug|Any CPU.ActiveCfg = Debug|Any CPU
		{16CAD708-2875-4AA1-9552-47961474DECA}.Debug|Any CPU.Build.0 = Debug|Any CPU
		{16CAD708-2875-4AA1-9552-47961474DECA}.Release|Any CPU.ActiveCfg = Release|Any CPU
		{16CAD708-2875-4AA1-9552-47961474DECA}.Release|Any CPU.Build.0 = Release|Any CPU
	EndGlobalSection
	GlobalSection(SolutionProperties) = preSolution
		HideSolutionNode = FALSE
	EndGlobalSection
	GlobalSection(ExtensibilityGlobals) = postSolution
		SolutionGuid = {4F8B66BB-0490-435A-9C39-C12BFC6BADA7}
	EndGlobalSection
EndGlobal
